
Microsoft Visual Studio Solution File, Format Version 12.00
# Visual Studio Version 16
VisualStudioVersion = 16.0.32106.194
MinimumVisualStudioVersion = 10.0.40219.1
Project("{FAE04EC0-301F-11D3-BF4B-00C04F79EFBC}") = "DotNetExamWebApi", "DotNetExamWebApi.csproj", "{BB8EEDFB-1016-4964-A947-128528A8A724}"
EndProject
Global
	GlobalSection(SolutionConfigurationPlatforms) = preSolution
		Debug|Any CPU = Debug|Any CPU
		Release|Any CPU = Release|Any CPU
	EndGlobalSection
	GlobalSection(ProjectConfigurationPlatforms) = postSolution
		{BB8EEDFB-1016-4964-A947-128528A8A724}.Debug|Any CPU.ActiveCfg = Debug|Any CPU
		{BB8EEDFB-1016-4964-A947-128528A8A724}.Debug|Any CPU.Build.0 = Debug|Any CPU
		{BB8EEDFB-1016-4964-A947-128528A8A724}.Release|Any CPU.ActiveCfg = Release|Any CPU
		{BB8EEDFB-1016-4964-A947-128528A8A724}.Release|Any CPU.Build.0 = Release|Any CPU
	EndGlobalSection
	GlobalSection(SolutionProperties) = preSolution
		HideSolutionNode = FALSE
	EndGlobalSection
	GlobalSection(ExtensibilityGlobals) = postSolution
		SolutionGuid = {EDFC3C43-F498-45DC-B51A-3E97EA663A47}
	EndGlobalSection
EndGlobal
